
Microsoft Visual Studio Solution File, Format Version 12.00
# Visual Studio 15
VisualStudioVersion = 15.0.26730.10
MinimumVisualStudioVersion = 10.0.40219.1

Project("{6EC3EE1D-3C4E-46DD-8F32-0CC8E7565705}") = "FabConway", "FabConway\FabConway.fsproj", "{21EF4E16-8E4C-44F5-A989-55C210EB7ED9}"
EndProject

Project("{F2A71F9B-5D33-465A-A702-920D77279786}") = "FabConway.Android", "FabConway.Android\FabConway.Android.fsproj", "{916466A3-4D88-4DD9-BD8C-3117AC235149}"
EndProject






Global
	GlobalSection(SolutionConfigurationPlatforms) = preSolution
		Ad-Hoc|Any CPU = Ad-Hoc|Any CPU
		Ad-Hoc|ARM = Ad-Hoc|ARM
		Ad-Hoc|iPhone = Ad-Hoc|iPhone
		Ad-Hoc|iPhoneSimulator = Ad-Hoc|iPhoneSimulator
		Ad-Hoc|x64 = Ad-Hoc|x64
		Ad-Hoc|x86 = Ad-Hoc|x86
		AppStore|Any CPU = AppStore|Any CPU
		AppStore|ARM = AppStore|ARM
		AppStore|iPhone = AppStore|iPhone
		AppStore|iPhoneSimulator = AppStore|iPhoneSimulator
		AppStore|x64 = AppStore|x64
		AppStore|x86 = AppStore|x86
		Debug|Any CPU = Debug|Any CPU
		Debug|ARM = Debug|ARM
		Debug|iPhone = Debug|iPhone
		Debug|iPhoneSimulator = Debug|iPhoneSimulator
		Debug|x64 = Debug|x64
		Debug|x86 = Debug|x86
		Release|Any CPU = Release|Any CPU
		Release|ARM = Release|ARM
		Release|iPhone = Release|iPhone
		Release|iPhoneSimulator = Release|iPhoneSimulator
		Release|x64 = Release|x64
		Release|x86 = Release|x86
	EndGlobalSection
	GlobalSection(ProjectConfigurationPlatforms) = postSolution
		{21EF4E16-8E4C-44F5-A989-55C210EB7ED9}.Ad-Hoc|Any CPU.ActiveCfg = Debug|Any CPU
		{21EF4E16-8E4C-44F5-A989-55C210EB7ED9}.Ad-Hoc|Any CPU.Build.0 = Debug|Any CPU
		{21EF4E16-8E4C-44F5-A989-55C210EB7ED9}.Ad-Hoc|ARM.ActiveCfg = Debug|Any CPU
		{21EF4E16-8E4C-44F5-A989-55C210EB7ED9}.Ad-Hoc|ARM.Build.0 = Debug|Any CPU
		{21EF4E16-8E4C-44F5-A989-55C210EB7ED9}.Ad-Hoc|iPhone.ActiveCfg = Debug|Any CPU
		{21EF4E16-8E4C-44F5-A989-55C210EB7ED9}.Ad-Hoc|iPhone.Build.0 = Debug|Any CPU
		{21EF4E16-8E4C-44F5-A989-55C210EB7ED9}.Ad-Hoc|iPhoneSimulator.ActiveCfg = Debug|Any CPU
		{21EF4E16-8E4C-44F5-A989-55C210EB7ED9}.Ad-Hoc|iPhoneSimulator.Build.0 = Debug|Any CPU
		{21EF4E16-8E4C-44F5-A989-55C210EB7ED9}.Ad-Hoc|x64.ActiveCfg = Debug|Any CPU
		{21EF4E16-8E4C-44F5-A989-55C210EB7ED9}.Ad-Hoc|x64.Build.0 = Debug|Any CPU
		{21EF4E16-8E4C-44F5-A989-55C210EB7ED9}.Ad-Hoc|x86.ActiveCfg = Debug|Any CPU
		{21EF4E16-8E4C-44F5-A989-55C210EB7ED9}.Ad-Hoc|x86.Build.0 = Debug|Any CPU
		{21EF4E16-8E4C-44F5-A989-55C210EB7ED9}.AppStore|Any CPU.ActiveCfg = Debug|Any CPU
		{21EF4E16-8E4C-44F5-A989-55C210EB7ED9}.AppStore|Any CPU.Build.0 = Debug|Any CPU
		{21EF4E16-8E4C-44F5-A989-55C210EB7ED9}.AppStore|ARM.ActiveCfg = Debug|Any CPU
		{21EF4E16-8E4C-44F5-A989-55C210EB7ED9}.AppStore|ARM.Build.0 = Debug|Any CPU
		{21EF4E16-8E4C-44F5-A989-55C210EB7ED9}.AppStore|iPhone.ActiveCfg = Debug|Any CPU
		{21EF4E16-8E4C-44F5-A989-55C210EB7ED9}.AppStore|iPhone.Build.0 = Debug|Any CPU
		{21EF4E16-8E4C-44F5-A989-55C210EB7ED9}.AppStore|iPhoneSimulator.ActiveCfg = Debug|Any CPU
		{21EF4E16-8E4C-44F5-A989-55C210EB7ED9}.AppStore|iPhoneSimulator.Build.0 = Debug|Any CPU
		{21EF4E16-8E4C-44F5-A989-55C210EB7ED9}.AppStore|x64.ActiveCfg = Debug|Any CPU
		{21EF4E16-8E4C-44F5-A989-55C210EB7ED9}.AppStore|x64.Build.0 = Debug|Any CPU
		{21EF4E16-8E4C-44F5-A989-55C210EB7ED9}.AppStore|x86.ActiveCfg = Debug|Any CPU
		{21EF4E16-8E4C-44F5-A989-55C210EB7ED9}.AppStore|x86.Build.0 = Debug|Any CPU
		{21EF4E16-8E4C-44F5-A989-55C210EB7ED9}.Debug|Any CPU.ActiveCfg = Debug|Any CPU
		{21EF4E16-8E4C-44F5-A989-55C210EB7ED9}.Debug|Any CPU.Build.0 = Debug|Any CPU
		{21EF4E16-8E4C-44F5-A989-55C210EB7ED9}.Debug|ARM.ActiveCfg = Debug|Any CPU
		{21EF4E16-8E4C-44F5-A989-55C210EB7ED9}.Debug|ARM.Build.0 = Debug|Any CPU
		{21EF4E16-8E4C-44F5-A989-55C210EB7ED9}.Debug|iPhone.ActiveCfg = Debug|Any CPU
		{21EF4E16-8E4C-44F5-A989-55C210EB7ED9}.Debug|iPhone.Build.0 = Debug|Any CPU
		{21EF4E16-8E4C-44F5-A989-55C210EB7ED9}.Debug|iPhoneSimulator.ActiveCfg = Debug|Any CPU
		{21EF4E16-8E4C-44F5-A989-55C210EB7ED9}.Debug|iPhoneSimulator.Build.0 = Debug|Any CPU
		{21EF4E16-8E4C-44F5-A989-55C210EB7ED9}.Debug|x64.ActiveCfg = Debug|Any CPU
		{21EF4E16-8E4C-44F5-A989-55C210EB7ED9}.Debug|x64.Build.0 = Debug|Any CPU
		{21EF4E16-8E4C-44F5-A989-55C210EB7ED9}.Debug|x86.ActiveCfg = Debug|Any CPU
		{21EF4E16-8E4C-44F5-A989-55C210EB7ED9}.Debug|x86.Build.0 = Debug|Any CPU
		{21EF4E16-8E4C-44F5-A989-55C210EB7ED9}.Release|Any CPU.ActiveCfg = Release|Any CPU
		{21EF4E16-8E4C-44F5-A989-55C210EB7ED9}.Release|Any CPU.Build.0 = Release|Any CPU
		{21EF4E16-8E4C-44F5-A989-55C210EB7ED9}.Release|ARM.ActiveCfg = Release|Any CPU
		{21EF4E16-8E4C-44F5-A989-55C210EB7ED9}.Release|ARM.Build.0 = Release|Any CPU
		{21EF4E16-8E4C-44F5-A989-55C210EB7ED9}.Release|iPhone.ActiveCfg = Release|Any CPU
		{21EF4E16-8E4C-44F5-A989-55C210EB7ED9}.Release|iPhone.Build.0 = Release|Any CPU
		{21EF4E16-8E4C-44F5-A989-55C210EB7ED9}.Release|iPhoneSimulator.ActiveCfg = Release|Any CPU
		{21EF4E16-8E4C-44F5-A989-55C210EB7ED9}.Release|iPhoneSimulator.Build.0 = Release|Any CPU
		{21EF4E16-8E4C-44F5-A989-55C210EB7ED9}.Release|x64.ActiveCfg = Release|Any CPU
		{21EF4E16-8E4C-44F5-A989-55C210EB7ED9}.Release|x64.Build.0 = Release|Any CPU
		{21EF4E16-8E4C-44F5-A989-55C210EB7ED9}.Release|x86.ActiveCfg = Release|Any CPU
		{21EF4E16-8E4C-44F5-A989-55C210EB7ED9}.Release|x86.Build.0 = Release|Any CPU
		{002779FA-F221-47EA-8754-583685AF637B}.Ad-Hoc|Any CPU.ActiveCfg = Ad-Hoc|iPhone
		{002779FA-F221-47EA-8754-583685AF637B}.Ad-Hoc|ARM.ActiveCfg = Ad-Hoc|iPhone
		{002779FA-F221-47EA-8754-583685AF637B}.Ad-Hoc|iPhone.ActiveCfg = Ad-Hoc|iPhone
		{002779FA-F221-47EA-8754-583685AF637B}.Ad-Hoc|iPhone.Build.0 = Ad-Hoc|iPhone
		{002779FA-F221-47EA-8754-583685AF637B}.Ad-Hoc|iPhoneSimulator.ActiveCfg = Ad-Hoc|iPhoneSimulator
		{002779FA-F221-47EA-8754-583685AF637B}.Ad-Hoc|iPhoneSimulator.Build.0 = Ad-Hoc|iPhoneSimulator
		{002779FA-F221-47EA-8754-583685AF637B}.Ad-Hoc|x64.ActiveCfg = Ad-Hoc|iPhone
		{002779FA-F221-47EA-8754-583685AF637B}.Ad-Hoc|x86.ActiveCfg = Ad-Hoc|iPhone
		{002779FA-F221-47EA-8754-583685AF637B}.AppStore|Any CPU.ActiveCfg = AppStore|iPhone
		{002779FA-F221-47EA-8754-583685AF637B}.AppStore|ARM.ActiveCfg = AppStore|iPhone
		{002779FA-F221-47EA-8754-583685AF637B}.AppStore|iPhone.ActiveCfg = AppStore|iPhone
		{002779FA-F221-47EA-8754-583685AF637B}.AppStore|iPhone.Build.0 = AppStore|iPhone
		{002779FA-F221-47EA-8754-583685AF637B}.AppStore|iPhoneSimulator.ActiveCfg = AppStore|iPhoneSimulator
		{002779FA-F221-47EA-8754-583685AF637B}.AppStore|iPhoneSimulator.Build.0 = AppStore|iPhoneSimulator
		{002779FA-F221-47EA-8754-583685AF637B}.AppStore|x64.ActiveCfg = AppStore|iPhone
		{002779FA-F221-47EA-8754-583685AF637B}.AppStore|x86.ActiveCfg = AppStore|iPhone
		{002779FA-F221-47EA-8754-583685AF637B}.Debug|Any CPU.ActiveCfg = Debug|iPhone
		{002779FA-F221-47EA-8754-583685AF637B}.Debug|ARM.ActiveCfg = Debug|iPhone
		{002779FA-F221-47EA-8754-583685AF637B}.Debug|iPhone.ActiveCfg = Debug|iPhone
		{002779FA-F221-47EA-8754-583685AF637B}.Debug|iPhone.Build.0 = Debug|iPhone
		{002779FA-F221-47EA-8754-583685AF637B}.Debug|iPhoneSimulator.ActiveCfg = Debug|iPhoneSimulator
		{002779FA-F221-47EA-8754-583685AF637B}.Debug|iPhoneSimulator.Build.0 = Debug|iPhoneSimulator
		{002779FA-F221-47EA-8754-583685AF637B}.Debug|x64.ActiveCfg = Debug|iPhone
		{002779FA-F221-47EA-8754-583685AF637B}.Debug|x86.ActiveCfg = Debug|iPhone
		{002779FA-F221-47EA-8754-583685AF637B}.Release|Any CPU.ActiveCfg = Release|iPhone
		{002779FA-F221-47EA-8754-583685AF637B}.Release|ARM.ActiveCfg = Release|iPhone
		{002779FA-F221-47EA-8754-583685AF637B}.Release|iPhone.ActiveCfg = Release|iPhone
		{002779FA-F221-47EA-8754-583685AF637B}.Release|iPhone.Build.0 = Release|iPhone
		{002779FA-F221-47EA-8754-583685AF637B}.Release|iPhoneSimulator.ActiveCfg = Release|iPhoneSimulator
		{002779FA-F221-47EA-8754-583685AF637B}.Release|iPhoneSimulator.Build.0 = Release|iPhoneSimulator
		{002779FA-F221-47EA-8754-583685AF637B}.Release|x64.ActiveCfg = Release|iPhone
		{002779FA-F221-47EA-8754-583685AF637B}.Release|x86.ActiveCfg = Release|iPhone
		{05465ECA-DB05-4C8C-80FE-7F986C81E248}.Ad-Hoc|Any CPU.ActiveCfg = Release|x86
		{05465ECA-DB05-4C8C-80FE-7F986C81E248}.Ad-Hoc|Any CPU.Build.0 = Release|x86
		{05465ECA-DB05-4C8C-80FE-7F986C81E248}.Ad-Hoc|Any CPU.Deploy.0 = Release|x86
		{05465ECA-DB05-4C8C-80FE-7F986C81E248}.Ad-Hoc|ARM.ActiveCfg = Release|ARM
		{05465ECA-DB05-4C8C-80FE-7F986C81E248}.Ad-Hoc|ARM.Build.0 = Release|ARM
		{05465ECA-DB05-4C8C-80FE-7F986C81E248}.Ad-Hoc|ARM.Deploy.0 = Release|ARM
		{05465ECA-DB05-4C8C-80FE-7F986C81E248}.Ad-Hoc|iPhone.ActiveCfg = Release|x86
		{05465ECA-DB05-4C8C-80FE-7F986C81E248}.Ad-Hoc|iPhone.Build.0 = Release|x86
		{05465ECA-DB05-4C8C-80FE-7F986C81E248}.Ad-Hoc|iPhone.Deploy.0 = Release|x86
		{05465ECA-DB05-4C8C-80FE-7F986C81E248}.Ad-Hoc|iPhoneSimulator.ActiveCfg = Release|x86
		{05465ECA-DB05-4C8C-80FE-7F986C81E248}.Ad-Hoc|iPhoneSimulator.Build.0 = Release|x86
		{05465ECA-DB05-4C8C-80FE-7F986C81E248}.Ad-Hoc|iPhoneSimulator.Deploy.0 = Release|x86
		{05465ECA-DB05-4C8C-80FE-7F986C81E248}.Ad-Hoc|x64.ActiveCfg = Release|x64
		{05465ECA-DB05-4C8C-80FE-7F986C81E248}.Ad-Hoc|x64.Build.0 = Release|x64
		{05465ECA-DB05-4C8C-80FE-7F986C81E248}.Ad-Hoc|x64.Deploy.0 = Release|x64
		{05465ECA-DB05-4C8C-80FE-7F986C81E248}.Ad-Hoc|x86.ActiveCfg = Release|x86
		{05465ECA-DB05-4C8C-80FE-7F986C81E248}.Ad-Hoc|x86.Build.0 = Release|x86
		{05465ECA-DB05-4C8C-80FE-7F986C81E248}.Ad-Hoc|x86.Deploy.0 = Release|x86
		{05465ECA-DB05-4C8C-80FE-7F986C81E248}.AppStore|Any CPU.ActiveCfg = Release|x86
		{05465ECA-DB05-4C8C-80FE-7F986C81E248}.AppStore|Any CPU.Build.0 = Release|x86
		{05465ECA-DB05-4C8C-80FE-7F986C81E248}.AppStore|Any CPU.Deploy.0 = Release|x86
		{05465ECA-DB05-4C8C-80FE-7F986C81E248}.AppStore|ARM.ActiveCfg = Release|ARM
		{05465ECA-DB05-4C8C-80FE-7F986C81E248}.AppStore|ARM.Build.0 = Release|ARM
		{05465ECA-DB05-4C8C-80FE-7F986C81E248}.AppStore|ARM.Deploy.0 = Release|ARM
		{05465ECA-DB05-4C8C-80FE-7F986C81E248}.AppStore|iPhone.ActiveCfg = Release|x86
		{05465ECA-DB05-4C8C-80FE-7F986C81E248}.AppStore|iPhone.Build.0 = Release|x86
		{05465ECA-DB05-4C8C-80FE-7F986C81E248}.AppStore|iPhone.Deploy.0 = Release|x86
		{05465ECA-DB05-4C8C-80FE-7F986C81E248}.AppStore|iPhoneSimulator.ActiveCfg = Release|x86
		{05465ECA-DB05-4C8C-80FE-7F986C81E248}.AppStore|iPhoneSimulator.Build.0 = Release|x86
		{05465ECA-DB05-4C8C-80FE-7F986C81E248}.AppStore|iPhoneSimulator.Deploy.0 = Release|x86
		{05465ECA-DB05-4C8C-80FE-7F986C81E248}.AppStore|x64.ActiveCfg = Release|x64
		{05465ECA-DB05-4C8C-80FE-7F986C81E248}.AppStore|x64.Build.0 = Release|x64
		{05465ECA-DB05-4C8C-80FE-7F986C81E248}.AppStore|x64.Deploy.0 = Release|x64
		{05465ECA-DB05-4C8C-80FE-7F986C81E248}.AppStore|x86.ActiveCfg = Release|x86
		{05465ECA-DB05-4C8C-80FE-7F986C81E248}.AppStore|x86.Build.0 = Release|x86
		{05465ECA-DB05-4C8C-80FE-7F986C81E248}.AppStore|x86.Deploy.0 = Release|x86
		{05465ECA-DB05-4C8C-80FE-7F986C81E248}.Debug|Any CPU.ActiveCfg = Debug|x86
		{05465ECA-DB05-4C8C-80FE-7F986C81E248}.Debug|ARM.ActiveCfg = Debug|ARM
		{05465ECA-DB05-4C8C-80FE-7F986C81E248}.Debug|ARM.Build.0 = Debug|ARM
		{05465ECA-DB05-4C8C-80FE-7F986C81E248}.Debug|ARM.Deploy.0 = Debug|ARM
		{05465ECA-DB05-4C8C-80FE-7F986C81E248}.Debug|iPhone.ActiveCfg = Debug|x86
		{05465ECA-DB05-4C8C-80FE-7F986C81E248}.Debug|iPhoneSimulator.ActiveCfg = Debug|x86
		{05465ECA-DB05-4C8C-80FE-7F986C81E248}.Debug|x64.ActiveCfg = Debug|x64
		{05465ECA-DB05-4C8C-80FE-7F986C81E248}.Debug|x64.Build.0 = Debug|x64
		{05465ECA-DB05-4C8C-80FE-7F986C81E248}.Debug|x64.Deploy.0 = Debug|x64
		{05465ECA-DB05-4C8C-80FE-7F986C81E248}.Debug|x86.ActiveCfg = Debug|x86
		{05465ECA-DB05-4C8C-80FE-7F986C81E248}.Debug|x86.Build.0 = Debug|x86
		{05465ECA-DB05-4C8C-80FE-7F986C81E248}.Debug|x86.Deploy.0 = Debug|x86
		{05465ECA-DB05-4C8C-80FE-7F986C81E248}.Release|Any CPU.ActiveCfg = Release|x86
		{05465ECA-DB05-4C8C-80FE-7F986C81E248}.Release|ARM.ActiveCfg = Release|ARM
		{05465ECA-DB05-4C8C-80FE-7F986C81E248}.Release|ARM.Build.0 = Release|ARM
		{05465ECA-DB05-4C8C-80FE-7F986C81E248}.Release|ARM.Deploy.0 = Release|ARM
		{05465ECA-DB05-4C8C-80FE-7F986C81E248}.Release|iPhone.ActiveCfg = Release|x86
		{05465ECA-DB05-4C8C-80FE-7F986C81E248}.Release|iPhoneSimulator.ActiveCfg = Release|x86
		{05465ECA-DB05-4C8C-80FE-7F986C81E248}.Release|x64.ActiveCfg = Release|x64
		{05465ECA-DB05-4C8C-80FE-7F986C81E248}.Release|x64.Build.0 = Release|x64
		{05465ECA-DB05-4C8C-80FE-7F986C81E248}.Release|x64.Deploy.0 = Release|x64
		{05465ECA-DB05-4C8C-80FE-7F986C81E248}.Release|x86.ActiveCfg = Release|x86
		{05465ECA-DB05-4C8C-80FE-7F986C81E248}.Release|x86.Build.0 = Release|x86
		{05465ECA-DB05-4C8C-80FE-7F986C81E248}.Release|x86.Deploy.0 = Release|x86
		{C65C3ADE-1537-420B-B075-075BA5E4CE3A}.Ad-Hoc|Any CPU.ActiveCfg = Release|Any CPU
		{C65C3ADE-1537-420B-B075-075BA5E4CE3A}.Ad-Hoc|Any CPU.Build.0 = Release|Any CPU
		{C65C3ADE-1537-420B-B075-075BA5E4CE3A}.Ad-Hoc|ARM.ActiveCfg = Release|Any CPU
		{C65C3ADE-1537-420B-B075-075BA5E4CE3A}.Ad-Hoc|ARM.Build.0 = Release|Any CPU
		{C65C3ADE-1537-420B-B075-075BA5E4CE3A}.Ad-Hoc|iPhone.ActiveCfg = Release|Any CPU
		{C65C3ADE-1537-420B-B075-075BA5E4CE3A}.Ad-Hoc|iPhone.Build.0 = Release|Any CPU
		{C65C3ADE-1537-420B-B075-075BA5E4CE3A}.Ad-Hoc|iPhoneSimulator.ActiveCfg = Release|Any CPU
		{C65C3ADE-1537-420B-B075-075BA5E4CE3A}.Ad-Hoc|iPhoneSimulator.Build.0 = Release|Any CPU
		{C65C3ADE-1537-420B-B075-075BA5E4CE3A}.Ad-Hoc|x64.ActiveCfg = Release|Any CPU
		{C65C3ADE-1537-420B-B075-075BA5E4CE3A}.Ad-Hoc|x64.Build.0 = Release|Any CPU
		{C65C3ADE-1537-420B-B075-075BA5E4CE3A}.Ad-Hoc|x86.ActiveCfg = Release|Any CPU
		{C65C3ADE-1537-420B-B075-075BA5E4CE3A}.Ad-Hoc|x86.Build.0 = Release|Any CPU
		{C65C3ADE-1537-420B-B075-075BA5E4CE3A}.AppStore|Any CPU.ActiveCfg = Release|Any CPU
		{C65C3ADE-1537-420B-B075-075BA5E4CE3A}.AppStore|Any CPU.Build.0 = Release|Any CPU
		{C65C3ADE-1537-420B-B075-075BA5E4CE3A}.AppStore|ARM.ActiveCfg = Release|Any CPU
		{C65C3ADE-1537-420B-B075-075BA5E4CE3A}.AppStore|ARM.Build.0 = Release|Any CPU
		{C65C3ADE-1537-420B-B075-075BA5E4CE3A}.AppStore|iPhone.ActiveCfg = Release|Any CPU
		{C65C3ADE-1537-420B-B075-075BA5E4CE3A}.AppStore|iPhone.Build.0 = Release|Any CPU
		{C65C3ADE-1537-420B-B075-075BA5E4CE3A}.AppStore|iPhoneSimulator.ActiveCfg = Release|Any CPU
		{C65C3ADE-1537-420B-B075-075BA5E4CE3A}.AppStore|iPhoneSimulator.Build.0 = Release|Any CPU
		{C65C3ADE-1537-420B-B075-075BA5E4CE3A}.AppStore|x64.ActiveCfg = Release|Any CPU
		{C65C3ADE-1537-420B-B075-075BA5E4CE3A}.AppStore|x64.Build.0 = Release|Any CPU
		{C65C3ADE-1537-420B-B075-075BA5E4CE3A}.AppStore|x86.ActiveCfg = Release|Any CPU
		{C65C3ADE-1537-420B-B075-075BA5E4CE3A}.AppStore|x86.Build.0 = Release|Any CPU
		{C65C3ADE-1537-420B-B075-075BA5E4CE3A}.Debug|Any CPU.ActiveCfg = Debug|Any CPU
		{C65C3ADE-1537-420B-B075-075BA5E4CE3A}.Debug|Any CPU.Build.0 = Debug|Any CPU
		{C65C3ADE-1537-420B-B075-075BA5E4CE3A}.Debug|ARM.ActiveCfg = Debug|Any CPU
		{C65C3ADE-1537-420B-B075-075BA5E4CE3A}.Debug|ARM.Build.0 = Debug|Any CPU
		{C65C3ADE-1537-420B-B075-075BA5E4CE3A}.Debug|iPhone.ActiveCfg = Debug|Any CPU
		{C65C3ADE-1537-420B-B075-075BA5E4CE3A}.Debug|iPhone.Build.0 = Debug|Any CPU
		{C65C3ADE-1537-420B-B075-075BA5E4CE3A}.Debug|iPhoneSimulator.ActiveCfg = Debug|Any CPU
		{C65C3ADE-1537-420B-B075-075BA5E4CE3A}.Debug|iPhoneSimulator.Build.0 = Debug|Any CPU
		{C65C3ADE-1537-420B-B075-075BA5E4CE3A}.Debug|x64.ActiveCfg = Debug|Any CPU
		{C65C3ADE-1537-420B-B075-075BA5E4CE3A}.Debug|x64.Build.0 = Debug|Any CPU
		{C65C3ADE-1537-420B-B075-075BA5E4CE3A}.Debug|x86.ActiveCfg = Debug|Any CPU
		{C65C3ADE-1537-420B-B075-075BA5E4CE3A}.Debug|x86.Build.0 = Debug|Any CPU
		{C65C3ADE-1537-420B-B075-075BA5E4CE3A}.Release|Any CPU.ActiveCfg = Release|Any CPU
		{C65C3ADE-1537-420B-B075-075BA5E4CE3A}.Release|Any CPU.Build.0 = Release|Any CPU
		{C65C3ADE-1537-420B-B075-075BA5E4CE3A}.Release|ARM.ActiveCfg = Release|Any CPU
		{C65C3ADE-1537-420B-B075-075BA5E4CE3A}.Release|ARM.Build.0 = Release|Any CPU
		{C65C3ADE-1537-420B-B075-075BA5E4CE3A}.Release|iPhone.ActiveCfg = Release|Any CPU
		{C65C3ADE-1537-420B-B075-075BA5E4CE3A}.Release|iPhone.Build.0 = Release|Any CPU
		{C65C3ADE-1537-420B-B075-075BA5E4CE3A}.Release|iPhoneSimulator.ActiveCfg = Release|Any CPU
		{C65C3ADE-1537-420B-B075-075BA5E4CE3A}.Release|iPhoneSimulator.Build.0 = Release|Any CPU
		{C65C3ADE-1537-420B-B075-075BA5E4CE3A}.Release|x64.ActiveCfg = Release|Any CPU
		{C65C3ADE-1537-420B-B075-075BA5E4CE3A}.Release|x64.Build.0 = Release|Any CPU
		{C65C3ADE-1537-420B-B075-075BA5E4CE3A}.Release|x86.ActiveCfg = Release|Any CPU
		{C65C3ADE-1537-420B-B075-075BA5E4CE3A}.Release|x86.Build.0 = Release|Any CPU
		{BBDC71C4-EDF5-48AA-92A9-17EFFDECB9F0}.Ad-Hoc|Any CPU.ActiveCfg = Release|Any CPU
		{BBDC71C4-EDF5-48AA-92A9-17EFFDECB9F0}.Ad-Hoc|Any CPU.Build.0 = Release|Any CPU
		{BBDC71C4-EDF5-48AA-92A9-17EFFDECB9F0}.Ad-Hoc|ARM.ActiveCfg = Release|Any CPU
		{BBDC71C4-EDF5-48AA-92A9-17EFFDECB9F0}.Ad-Hoc|ARM.Build.0 = Release|Any CPU
		{BBDC71C4-EDF5-48AA-92A9-17EFFDECB9F0}.Ad-Hoc|iPhone.ActiveCfg = Release|Any CPU
		{BBDC71C4-EDF5-48AA-92A9-17EFFDECB9F0}.Ad-Hoc|iPhone.Build.0 = Release|Any CPU
		{BBDC71C4-EDF5-48AA-92A9-17EFFDECB9F0}.Ad-Hoc|iPhoneSimulator.ActiveCfg = Release|Any CPU
		{BBDC71C4-EDF5-48AA-92A9-17EFFDECB9F0}.Ad-Hoc|iPhoneSimulator.Build.0 = Release|Any CPU
		{BBDC71C4-EDF5-48AA-92A9-17EFFDECB9F0}.Ad-Hoc|x64.ActiveCfg = Release|Any CPU
		{BBDC71C4-EDF5-48AA-92A9-17EFFDECB9F0}.Ad-Hoc|x64.Build.0 = Release|Any CPU
		{BBDC71C4-EDF5-48AA-92A9-17EFFDECB9F0}.Ad-Hoc|x86.ActiveCfg = Release|Any CPU
		{BBDC71C4-EDF5-48AA-92A9-17EFFDECB9F0}.Ad-Hoc|x86.Build.0 = Release|Any CPU
		{BBDC71C4-EDF5-48AA-92A9-17EFFDECB9F0}.AppStore|Any CPU.ActiveCfg = Release|Any CPU
		{BBDC71C4-EDF5-48AA-92A9-17EFFDECB9F0}.AppStore|Any CPU.Build.0 = Release|Any CPU
		{BBDC71C4-EDF5-48AA-92A9-17EFFDECB9F0}.AppStore|ARM.ActiveCfg = Release|Any CPU
		{BBDC71C4-EDF5-48AA-92A9-17EFFDECB9F0}.AppStore|ARM.Build.0 = Release|Any CPU
		{BBDC71C4-EDF5-48AA-92A9-17EFFDECB9F0}.AppStore|iPhone.ActiveCfg = Release|Any CPU
		{BBDC71C4-EDF5-48AA-92A9-17EFFDECB9F0}.AppStore|iPhone.Build.0 = Release|Any CPU
		{BBDC71C4-EDF5-48AA-92A9-17EFFDECB9F0}.AppStore|iPhoneSimulator.ActiveCfg = Release|Any CPU
		{BBDC71C4-EDF5-48AA-92A9-17EFFDECB9F0}.AppStore|iPhoneSimulator.Build.0 = Release|Any CPU
		{BBDC71C4-EDF5-48AA-92A9-17EFFDECB9F0}.AppStore|x64.ActiveCfg = Release|Any CPU
		{BBDC71C4-EDF5-48AA-92A9-17EFFDECB9F0}.AppStore|x64.Build.0 = Release|Any CPU
		{BBDC71C4-EDF5-48AA-92A9-17EFFDECB9F0}.AppStore|x86.ActiveCfg = Release|Any CPU
		{BBDC71C4-EDF5-48AA-92A9-17EFFDECB9F0}.AppStore|x86.Build.0 = Release|Any CPU
		{BBDC71C4-EDF5-48AA-92A9-17EFFDECB9F0}.Debug|Any CPU.ActiveCfg = Debug|Any CPU
		{BBDC71C4-EDF5-48AA-92A9-17EFFDECB9F0}.Debug|Any CPU.Build.0 = Debug|Any CPU
		{BBDC71C4-EDF5-48AA-92A9-17EFFDECB9F0}.Debug|ARM.ActiveCfg = Debug|Any CPU
		{BBDC71C4-EDF5-48AA-92A9-17EFFDECB9F0}.Debug|ARM.Build.0 = Debug|Any CPU
		{BBDC71C4-EDF5-48AA-92A9-17EFFDECB9F0}.Debug|iPhone.ActiveCfg = Debug|Any CPU
		{BBDC71C4-EDF5-48AA-92A9-17EFFDECB9F0}.Debug|iPhone.Build.0 = Debug|Any CPU
		{BBDC71C4-EDF5-48AA-92A9-17EFFDECB9F0}.Debug|iPhoneSimulator.ActiveCfg = Debug|Any CPU
		{BBDC71C4-EDF5-48AA-92A9-17EFFDECB9F0}.Debug|iPhoneSimulator.Build.0 = Debug|Any CPU
		{BBDC71C4-EDF5-48AA-92A9-17EFFDECB9F0}.Debug|x64.ActiveCfg = Debug|Any CPU
		{BBDC71C4-EDF5-48AA-92A9-17EFFDECB9F0}.Debug|x64.Build.0 = Debug|Any CPU
		{BBDC71C4-EDF5-48AA-92A9-17EFFDECB9F0}.Debug|x86.ActiveCfg = Debug|Any CPU
		{BBDC71C4-EDF5-48AA-92A9-17EFFDECB9F0}.Debug|x86.Build.0 = Debug|Any CPU
		{BBDC71C4-EDF5-48AA-92A9-17EFFDECB9F0}.Release|Any CPU.ActiveCfg = Release|Any CPU
		{BBDC71C4-EDF5-48AA-92A9-17EFFDECB9F0}.Release|Any CPU.Build.0 = Release|Any CPU
		{BBDC71C4-EDF5-48AA-92A9-17EFFDECB9F0}.Release|ARM.ActiveCfg = Release|Any CPU
		{BBDC71C4-EDF5-48AA-92A9-17EFFDECB9F0}.Release|ARM.Build.0 = Release|Any CPU
		{BBDC71C4-EDF5-48AA-92A9-17EFFDECB9F0}.Release|iPhone.ActiveCfg = Release|Any CPU
		{BBDC71C4-EDF5-48AA-92A9-17EFFDECB9F0}.Release|iPhone.Build.0 = Release|Any CPU
		{BBDC71C4-EDF5-48AA-92A9-17EFFDECB9F0}.Release|iPhoneSimulator.ActiveCfg = Release|Any CPU
		{BBDC71C4-EDF5-48AA-92A9-17EFFDECB9F0}.Release|iPhoneSimulator.Build.0 = Release|Any CPU
		{BBDC71C4-EDF5-48AA-92A9-17EFFDECB9F0}.Release|x64.ActiveCfg = Release|Any CPU
		{BBDC71C4-EDF5-48AA-92A9-17EFFDECB9F0}.Release|x64.Build.0 = Release|Any CPU
		{BBDC71C4-EDF5-48AA-92A9-17EFFDECB9F0}.Release|x86.ActiveCfg = Release|Any CPU
		{BBDC71C4-EDF5-48AA-92A9-17EFFDECB9F0}.Release|x86.Build.0 = Release|Any CPU
		{916466A3-4D88-4DD9-BD8C-3117AC235149}.Ad-Hoc|Any CPU.ActiveCfg = Release|Any CPU
		{916466A3-4D88-4DD9-BD8C-3117AC235149}.Ad-Hoc|Any CPU.Build.0 = Release|Any CPU
		{916466A3-4D88-4DD9-BD8C-3117AC235149}.Ad-Hoc|ARM.ActiveCfg = Release|Any CPU
		{916466A3-4D88-4DD9-BD8C-3117AC235149}.Ad-Hoc|ARM.Build.0 = Release|Any CPU
		{916466A3-4D88-4DD9-BD8C-3117AC235149}.Ad-Hoc|iPhone.ActiveCfg = Release|Any CPU
		{916466A3-4D88-4DD9-BD8C-3117AC235149}.Ad-Hoc|iPhone.Build.0 = Release|Any CPU
		{916466A3-4D88-4DD9-BD8C-3117AC235149}.Ad-Hoc|iPhoneSimulator.ActiveCfg = Release|Any CPU
		{916466A3-4D88-4DD9-BD8C-3117AC235149}.Ad-Hoc|iPhoneSimulator.Build.0 = Release|Any CPU
		{916466A3-4D88-4DD9-BD8C-3117AC235149}.Ad-Hoc|x64.ActiveCfg = Release|Any CPU
		{916466A3-4D88-4DD9-BD8C-3117AC235149}.Ad-Hoc|x64.Build.0 = Release|Any CPU
		{916466A3-4D88-4DD9-BD8C-3117AC235149}.Ad-Hoc|x86.ActiveCfg = Release|Any CPU
		{916466A3-4D88-4DD9-BD8C-3117AC235149}.Ad-Hoc|x86.Build.0 = Release|Any CPU
		{916466A3-4D88-4DD9-BD8C-3117AC235149}.AppStore|Any CPU.ActiveCfg = Release|Any CPU
		{916466A3-4D88-4DD9-BD8C-3117AC235149}.AppStore|Any CPU.Build.0 = Release|Any CPU
		{916466A3-4D88-4DD9-BD8C-3117AC235149}.AppStore|ARM.ActiveCfg = Release|Any CPU
		{916466A3-4D88-4DD9-BD8C-3117AC235149}.AppStore|ARM.Build.0 = Release|Any CPU
		{916466A3-4D88-4DD9-BD8C-3117AC235149}.AppStore|iPhone.ActiveCfg = Release|Any CPU
		{916466A3-4D88-4DD9-BD8C-3117AC235149}.AppStore|iPhone.Build.0 = Release|Any CPU
		{916466A3-4D88-4DD9-BD8C-3117AC235149}.AppStore|iPhoneSimulator.ActiveCfg = Release|Any CPU
		{916466A3-4D88-4DD9-BD8C-3117AC235149}.AppStore|iPhoneSimulator.Build.0 = Release|Any CPU
		{916466A3-4D88-4DD9-BD8C-3117AC235149}.AppStore|x64.ActiveCfg = Release|Any CPU
		{916466A3-4D88-4DD9-BD8C-3117AC235149}.AppStore|x64.Build.0 = Release|Any CPU
		{916466A3-4D88-4DD9-BD8C-3117AC235149}.AppStore|x86.ActiveCfg = Release|Any CPU
		{916466A3-4D88-4DD9-BD8C-3117AC235149}.AppStore|x86.Build.0 = Release|Any CPU
		{916466A3-4D88-4DD9-BD8C-3117AC235149}.Debug|Any CPU.ActiveCfg = Debug|Any CPU
		{916466A3-4D88-4DD9-BD8C-3117AC235149}.Debug|Any CPU.Build.0 = Debug|Any CPU
		{916466A3-4D88-4DD9-BD8C-3117AC235149}.Debug|Any CPU.Deploy.0 = Debug|Any CPU
		{916466A3-4D88-4DD9-BD8C-3117AC235149}.Debug|ARM.ActiveCfg = Debug|Any CPU
		{916466A3-4D88-4DD9-BD8C-3117AC235149}.Debug|ARM.Build.0 = Debug|Any CPU
		{916466A3-4D88-4DD9-BD8C-3117AC235149}.Debug|iPhone.ActiveCfg = Debug|Any CPU
		{916466A3-4D88-4DD9-BD8C-3117AC235149}.Debug|iPhone.Build.0 = Debug|Any CPU
		{916466A3-4D88-4DD9-BD8C-3117AC235149}.Debug|iPhoneSimulator.ActiveCfg = Debug|Any CPU
		{916466A3-4D88-4DD9-BD8C-3117AC235149}.Debug|iPhoneSimulator.Build.0 = Debug|Any CPU
		{916466A3-4D88-4DD9-BD8C-3117AC235149}.Debug|x64.ActiveCfg = Debug|Any CPU
		{916466A3-4D88-4DD9-BD8C-3117AC235149}.Debug|x64.Build.0 = Debug|Any CPU
		{916466A3-4D88-4DD9-BD8C-3117AC235149}.Debug|x86.ActiveCfg = Debug|Any CPU
		{916466A3-4D88-4DD9-BD8C-3117AC235149}.Debug|x86.Build.0 = Debug|Any CPU
		{916466A3-4D88-4DD9-BD8C-3117AC235149}.Release|Any CPU.ActiveCfg = Release|Any CPU
		{916466A3-4D88-4DD9-BD8C-3117AC235149}.Release|Any CPU.Build.0 = Release|Any CPU
		{916466A3-4D88-4DD9-BD8C-3117AC235149}.Release|Any CPU.Deploy.0 = Release|Any CPU
		{916466A3-4D88-4DD9-BD8C-3117AC235149}.Release|ARM.ActiveCfg = Release|Any CPU
		{916466A3-4D88-4DD9-BD8C-3117AC235149}.Release|ARM.Build.0 = Release|Any CPU
		{916466A3-4D88-4DD9-BD8C-3117AC235149}.Release|iPhone.ActiveCfg = Release|Any CPU
		{916466A3-4D88-4DD9-BD8C-3117AC235149}.Release|iPhone.Build.0 = Release|Any CPU
		{916466A3-4D88-4DD9-BD8C-3117AC235149}.Release|iPhoneSimulator.ActiveCfg = Release|Any CPU
		{916466A3-4D88-4DD9-BD8C-3117AC235149}.Release|iPhoneSimulator.Build.0 = Release|Any CPU
		{916466A3-4D88-4DD9-BD8C-3117AC235149}.Release|x64.ActiveCfg = Release|Any CPU
		{916466A3-4D88-4DD9-BD8C-3117AC235149}.Release|x64.Build.0 = Release|Any CPU
		{916466A3-4D88-4DD9-BD8C-3117AC235149}.Release|x86.ActiveCfg = Release|Any CPU
		{916466A3-4D88-4DD9-BD8C-3117AC235149}.Release|x86.Build.0 = Release|Any CPU
		{4C6652AE-82FC-4649-B6B9-CEF33F1AED33}.Ad-Hoc|Any CPU.ActiveCfg = Release|Any CPU
		{4C6652AE-82FC-4649-B6B9-CEF33F1AED33}.Ad-Hoc|Any CPU.Build.0 = Release|Any CPU
		{4C6652AE-82FC-4649-B6B9-CEF33F1AED33}.Ad-Hoc|ARM.ActiveCfg = Release|Any CPU
		{4C6652AE-82FC-4649-B6B9-CEF33F1AED33}.Ad-Hoc|ARM.Build.0 = Release|Any CPU
		{4C6652AE-82FC-4649-B6B9-CEF33F1AED33}.Ad-Hoc|iPhone.ActiveCfg = Release|Any CPU
		{4C6652AE-82FC-4649-B6B9-CEF33F1AED33}.Ad-Hoc|iPhone.Build.0 = Release|Any CPU
		{4C6652AE-82FC-4649-B6B9-CEF33F1AED33}.Ad-Hoc|iPhoneSimulator.ActiveCfg = Release|Any CPU
		{4C6652AE-82FC-4649-B6B9-CEF33F1AED33}.Ad-Hoc|iPhoneSimulator.Build.0 = Release|Any CPU
		{4C6652AE-82FC-4649-B6B9-CEF33F1AED33}.Ad-Hoc|x64.ActiveCfg = Release|Any CPU
		{4C6652AE-82FC-4649-B6B9-CEF33F1AED33}.Ad-Hoc|x64.Build.0 = Release|Any CPU
		{4C6652AE-82FC-4649-B6B9-CEF33F1AED33}.Ad-Hoc|x86.ActiveCfg = Release|Any CPU
		{4C6652AE-82FC-4649-B6B9-CEF33F1AED33}.Ad-Hoc|x86.Build.0 = Release|Any CPU
		{4C6652AE-82FC-4649-B6B9-CEF33F1AED33}.AppStore|Any CPU.ActiveCfg = Release|Any CPU
		{4C6652AE-82FC-4649-B6B9-CEF33F1AED33}.AppStore|Any CPU.Build.0 = Release|Any CPU
		{4C6652AE-82FC-4649-B6B9-CEF33F1AED33}.AppStore|ARM.ActiveCfg = Release|Any CPU
		{4C6652AE-82FC-4649-B6B9-CEF33F1AED33}.AppStore|ARM.Build.0 = Release|Any CPU
		{4C6652AE-82FC-4649-B6B9-CEF33F1AED33}.AppStore|iPhone.ActiveCfg = Release|Any CPU
		{4C6652AE-82FC-4649-B6B9-CEF33F1AED33}.AppStore|iPhone.Build.0 = Release|Any CPU
		{4C6652AE-82FC-4649-B6B9-CEF33F1AED33}.AppStore|iPhoneSimulator.ActiveCfg = Release|Any CPU
		{4C6652AE-82FC-4649-B6B9-CEF33F1AED33}.AppStore|iPhoneSimulator.Build.0 = Release|Any CPU
		{4C6652AE-82FC-4649-B6B9-CEF33F1AED33}.AppStore|x64.ActiveCfg = Release|Any CPU
		{4C6652AE-82FC-4649-B6B9-CEF33F1AED33}.AppStore|x64.Build.0 = Release|Any CPU
		{4C6652AE-82FC-4649-B6B9-CEF33F1AED33}.AppStore|x86.ActiveCfg = Release|Any CPU
		{4C6652AE-82FC-4649-B6B9-CEF33F1AED33}.AppStore|x86.Build.0 = Release|Any CPU
		{4C6652AE-82FC-4649-B6B9-CEF33F1AED33}.Debug|Any CPU.ActiveCfg = Debug|Any CPU
		{4C6652AE-82FC-4649-B6B9-CEF33F1AED33}.Debug|Any CPU.Build.0 = Debug|Any CPU
		{4C6652AE-82FC-4649-B6B9-CEF33F1AED33}.Debug|ARM.ActiveCfg = Debug|Any CPU
		{4C6652AE-82FC-4649-B6B9-CEF33F1AED33}.Debug|ARM.Build.0 = Debug|Any CPU
		{4C6652AE-82FC-4649-B6B9-CEF33F1AED33}.Debug|iPhone.ActiveCfg = Debug|Any CPU
		{4C6652AE-82FC-4649-B6B9-CEF33F1AED33}.Debug|iPhone.Build.0 = Debug|Any CPU
		{4C6652AE-82FC-4649-B6B9-CEF33F1AED33}.Debug|iPhoneSimulator.ActiveCfg = Debug|Any CPU
		{4C6652AE-82FC-4649-B6B9-CEF33F1AED33}.Debug|iPhoneSimulator.Build.0 = Debug|Any CPU
		{4C6652AE-82FC-4649-B6B9-CEF33F1AED33}.Debug|x64.ActiveCfg = Debug|Any CPU
		{4C6652AE-82FC-4649-B6B9-CEF33F1AED33}.Debug|x64.Build.0 = Debug|Any CPU
		{4C6652AE-82FC-4649-B6B9-CEF33F1AED33}.Debug|x86.ActiveCfg = Debug|Any CPU
		{4C6652AE-82FC-4649-B6B9-CEF33F1AED33}.Debug|x86.Build.0 = Debug|Any CPU
		{4C6652AE-82FC-4649-B6B9-CEF33F1AED33}.Release|Any CPU.ActiveCfg = Release|Any CPU
		{4C6652AE-82FC-4649-B6B9-CEF33F1AED33}.Release|Any CPU.Build.0 = Release|Any CPU
		{4C6652AE-82FC-4649-B6B9-CEF33F1AED33}.Release|ARM.ActiveCfg = Release|Any CPU
		{4C6652AE-82FC-4649-B6B9-CEF33F1AED33}.Release|ARM.Build.0 = Release|Any CPU
		{4C6652AE-82FC-4649-B6B9-CEF33F1AED33}.Release|iPhone.ActiveCfg = Release|Any CPU
		{4C6652AE-82FC-4649-B6B9-CEF33F1AED33}.Release|iPhone.Build.0 = Release|Any CPU
		{4C6652AE-82FC-4649-B6B9-CEF33F1AED33}.Release|iPhoneSimulator.ActiveCfg = Release|Any CPU
		{4C6652AE-82FC-4649-B6B9-CEF33F1AED33}.Release|iPhoneSimulator.Build.0 = Release|Any CPU
		{4C6652AE-82FC-4649-B6B9-CEF33F1AED33}.Release|x64.ActiveCfg = Release|Any CPU
		{4C6652AE-82FC-4649-B6B9-CEF33F1AED33}.Release|x64.Build.0 = Release|Any CPU
		{4C6652AE-82FC-4649-B6B9-CEF33F1AED33}.Release|x86.ActiveCfg = Release|Any CPU
		{4C6652AE-82FC-4649-B6B9-CEF33F1AED33}.Release|x86.Build.0 = Release|Any CPU
		{4FC624F2-C719-4673-BBF5-9065352DA4BE}.Ad-Hoc|Any CPU.ActiveCfg = Release|x64
		{4FC624F2-C719-4673-BBF5-9065352DA4BE}.Ad-Hoc|Any CPU.Build.0 = Release|x64
		{4FC624F2-C719-4673-BBF5-9065352DA4BE}.Ad-Hoc|Any CPU.Deploy.0 = Release|x64
		{4FC624F2-C719-4673-BBF5-9065352DA4BE}.Ad-Hoc|ARM.ActiveCfg = Release|ARM
		{4FC624F2-C719-4673-BBF5-9065352DA4BE}.Ad-Hoc|ARM.Build.0 = Release|ARM
		{4FC624F2-C719-4673-BBF5-9065352DA4BE}.Ad-Hoc|ARM.Deploy.0 = Release|ARM
		{4FC624F2-C719-4673-BBF5-9065352DA4BE}.Ad-Hoc|ARM64.ActiveCfg = Release|ARM64
		{4FC624F2-C719-4673-BBF5-9065352DA4BE}.Ad-Hoc|ARM64.Build.0 = Release|ARM64
		{4FC624F2-C719-4673-BBF5-9065352DA4BE}.Ad-Hoc|ARM64.Deploy.0 = Release|ARM64
		{4FC624F2-C719-4673-BBF5-9065352DA4BE}.Ad-Hoc|iPhone.ActiveCfg = Release|x64
		{4FC624F2-C719-4673-BBF5-9065352DA4BE}.Ad-Hoc|iPhone.Build.0 = Release|x64
		{4FC624F2-C719-4673-BBF5-9065352DA4BE}.Ad-Hoc|iPhone.Deploy.0 = Release|x64
		{4FC624F2-C719-4673-BBF5-9065352DA4BE}.Ad-Hoc|iPhoneSimulator.ActiveCfg = Release|x64
		{4FC624F2-C719-4673-BBF5-9065352DA4BE}.Ad-Hoc|iPhoneSimulator.Build.0 = Release|x64
		{4FC624F2-C719-4673-BBF5-9065352DA4BE}.Ad-Hoc|iPhoneSimulator.Deploy.0 = Release|x64
		{4FC624F2-C719-4673-BBF5-9065352DA4BE}.Ad-Hoc|x64.ActiveCfg = Release|x64
		{4FC624F2-C719-4673-BBF5-9065352DA4BE}.Ad-Hoc|x64.Build.0 = Release|x64
		{4FC624F2-C719-4673-BBF5-9065352DA4BE}.Ad-Hoc|x64.Deploy.0 = Release|x64
		{4FC624F2-C719-4673-BBF5-9065352DA4BE}.Ad-Hoc|x86.ActiveCfg = Release|x86
		{4FC624F2-C719-4673-BBF5-9065352DA4BE}.Ad-Hoc|x86.Build.0 = Release|x86
		{4FC624F2-C719-4673-BBF5-9065352DA4BE}.Ad-Hoc|x86.Deploy.0 = Release|x86
		{4FC624F2-C719-4673-BBF5-9065352DA4BE}.AppStore|Any CPU.ActiveCfg = Release|x64
		{4FC624F2-C719-4673-BBF5-9065352DA4BE}.AppStore|Any CPU.Build.0 = Release|x64
		{4FC624F2-C719-4673-BBF5-9065352DA4BE}.AppStore|Any CPU.Deploy.0 = Release|x64
		{4FC624F2-C719-4673-BBF5-9065352DA4BE}.AppStore|ARM.ActiveCfg = Release|ARM
		{4FC624F2-C719-4673-BBF5-9065352DA4BE}.AppStore|ARM.Build.0 = Release|ARM
		{4FC624F2-C719-4673-BBF5-9065352DA4BE}.AppStore|ARM.Deploy.0 = Release|ARM
		{4FC624F2-C719-4673-BBF5-9065352DA4BE}.AppStore|ARM64.ActiveCfg = Release|ARM64
		{4FC624F2-C719-4673-BBF5-9065352DA4BE}.AppStore|ARM64.Build.0 = Release|ARM64
		{4FC624F2-C719-4673-BBF5-9065352DA4BE}.AppStore|ARM64.Deploy.0 = Release|ARM64
		{4FC624F2-C719-4673-BBF5-9065352DA4BE}.AppStore|iPhone.ActiveCfg = Release|x64
		{4FC624F2-C719-4673-BBF5-9065352DA4BE}.AppStore|iPhone.Build.0 = Release|x64
		{4FC624F2-C719-4673-BBF5-9065352DA4BE}.AppStore|iPhone.Deploy.0 = Release|x64
		{4FC624F2-C719-4673-BBF5-9065352DA4BE}.AppStore|iPhoneSimulator.ActiveCfg = Release|x64
		{4FC624F2-C719-4673-BBF5-9065352DA4BE}.AppStore|iPhoneSimulator.Build.0 = Release|x64
		{4FC624F2-C719-4673-BBF5-9065352DA4BE}.AppStore|iPhoneSimulator.Deploy.0 = Release|x64
		{4FC624F2-C719-4673-BBF5-9065352DA4BE}.AppStore|x64.ActiveCfg = Release|x64
		{4FC624F2-C719-4673-BBF5-9065352DA4BE}.AppStore|x64.Build.0 = Release|x64
		{4FC624F2-C719-4673-BBF5-9065352DA4BE}.AppStore|x64.Deploy.0 = Release|x64
		{4FC624F2-C719-4673-BBF5-9065352DA4BE}.AppStore|x86.ActiveCfg = Release|x86
		{4FC624F2-C719-4673-BBF5-9065352DA4BE}.AppStore|x86.Build.0 = Release|x86
		{4FC624F2-C719-4673-BBF5-9065352DA4BE}.AppStore|x86.Deploy.0 = Release|x86
		{4FC624F2-C719-4673-BBF5-9065352DA4BE}.Debug|Any CPU.ActiveCfg = Debug|x86
		{4FC624F2-C719-4673-BBF5-9065352DA4BE}.Debug|ARM.ActiveCfg = Debug|ARM
		{4FC624F2-C719-4673-BBF5-9065352DA4BE}.Debug|ARM.Build.0 = Debug|ARM
		{4FC624F2-C719-4673-BBF5-9065352DA4BE}.Debug|ARM.Deploy.0 = Debug|ARM
		{4FC624F2-C719-4673-BBF5-9065352DA4BE}.Debug|ARM64.ActiveCfg = Debug|ARM64
		{4FC624F2-C719-4673-BBF5-9065352DA4BE}.Debug|ARM64.Build.0 = Debug|ARM64
		{4FC624F2-C719-4673-BBF5-9065352DA4BE}.Debug|ARM64.Deploy.0 = Debug|ARM64
		{4FC624F2-C719-4673-BBF5-9065352DA4BE}.Debug|iPhone.ActiveCfg = Debug|x86
		{4FC624F2-C719-4673-BBF5-9065352DA4BE}.Debug|iPhoneSimulator.ActiveCfg = Debug|x86
		{4FC624F2-C719-4673-BBF5-9065352DA4BE}.Debug|x64.ActiveCfg = Debug|x64
		{4FC624F2-C719-4673-BBF5-9065352DA4BE}.Debug|x64.Build.0 = Debug|x64
		{4FC624F2-C719-4673-BBF5-9065352DA4BE}.Debug|x64.Deploy.0 = Debug|x64
		{4FC624F2-C719-4673-BBF5-9065352DA4BE}.Debug|x86.ActiveCfg = Debug|x86
		{4FC624F2-C719-4673-BBF5-9065352DA4BE}.Debug|x86.Build.0 = Debug|x86
		{4FC624F2-C719-4673-BBF5-9065352DA4BE}.Debug|x86.Deploy.0 = Debug|x86
		{4FC624F2-C719-4673-BBF5-9065352DA4BE}.Release|Any CPU.ActiveCfg = Release|x86
		{4FC624F2-C719-4673-BBF5-9065352DA4BE}.Release|ARM.ActiveCfg = Release|ARM
		{4FC624F2-C719-4673-BBF5-9065352DA4BE}.Release|ARM.Build.0 = Release|ARM
		{4FC624F2-C719-4673-BBF5-9065352DA4BE}.Release|ARM.Deploy.0 = Release|ARM
		{4FC624F2-C719-4673-BBF5-9065352DA4BE}.Release|ARM64.ActiveCfg = Release|ARM64
		{4FC624F2-C719-4673-BBF5-9065352DA4BE}.Release|ARM64.Build.0 = Release|ARM64
		{4FC624F2-C719-4673-BBF5-9065352DA4BE}.Release|ARM64.Deploy.0 = Release|ARM64
		{4FC624F2-C719-4673-BBF5-9065352DA4BE}.Release|iPhone.ActiveCfg = Release|x86
		{4FC624F2-C719-4673-BBF5-9065352DA4BE}.Release|iPhoneSimulator.ActiveCfg = Release|x86
		{4FC624F2-C719-4673-BBF5-9065352DA4BE}.Release|x64.ActiveCfg = Release|x64
		{4FC624F2-C719-4673-BBF5-9065352DA4BE}.Release|x64.Build.0 = Release|x64
		{4FC624F2-C719-4673-BBF5-9065352DA4BE}.Release|x64.Deploy.0 = Release|x64
		{4FC624F2-C719-4673-BBF5-9065352DA4BE}.Release|x86.ActiveCfg = Release|x86
		{4FC624F2-C719-4673-BBF5-9065352DA4BE}.Release|x86.Build.0 = Release|x86
		{4FC624F2-C719-4673-BBF5-9065352DA4BE}.Release|x86.Deploy.0 = Release|x86
	EndGlobalSection
	GlobalSection(SolutionProperties) = preSolution
		HideSolutionNode = FALSE
	EndGlobalSection
	GlobalSection(ExtensibilityGlobals) = postSolution
		SolutionGuid = {F6D05029-56B8-4E45-AF2D-0E76295DDBA2}
	EndGlobalSection
EndGlobal
